
Microsoft Visual Studio Solution File, Format Version 12.00
# Visual Studio Version 16
VisualStudioVersion = 16.0.31129.286
MinimumVisualStudioVersion = 10.0.40219.1
Project("{8BC9CEB8-8B4A-11D0-8D11-00A0C91BC942}") = "HelloWorld", "HelloWorld\HelloWorld.vcxproj", "{F5EB3FB7-D1A7-4BBA-AB09-88D7D0EBA428}"
EndProject
Project("{8BC9CEB8-8B4A-11D0-8D11-00A0C91BC942}") = "DataTypes", "DataTypes\DataTypes.vcxproj", "{E6C4EB0C-9981-448C-98C0-2FC0CB8575D1}"
EndProject
Global
	GlobalSection(SolutionConfigurationPlatforms) = preSolution
		Debug|x64 = Debug|x64
		Debug|x86 = Debug|x86
		Release|x64 = Release|x64
		Release|x86 = Release|x86
	EndGlobalSection
	GlobalSection(ProjectConfigurationPlatforms) = postSolution
		{F5EB3FB7-D1A7-4BBA-AB09-88D7D0EBA428}.Debug|x64.ActiveCfg = Debug|x64
		{F5EB3FB7-D1A7-4BBA-AB09-88D7D0EBA428}.Debug|x64.Build.0 = Debug|x64
		{F5EB3FB7-D1A7-4BBA-AB09-88D7D0EBA428}.Debug|x86.ActiveCfg = Debug|Win32
		{F5EB3FB7-D1A7-4BBA-AB09-88D7D0EBA428}.Debug|x86.Build.0 = Debug|Win32
		{F5EB3FB7-D1A7-4BBA-AB09-88D7D0EBA428}.Release|x64.ActiveCfg = Release|x64
		{F5EB3FB7-D1A7-4BBA-AB09-88D7D0EBA428}.Release|x64.Build.0 = Release|x64
		{F5EB3FB7-D1A7-4BBA-AB09-88D7D0EBA428}.Release|x86.ActiveCfg = Release|Win32
		{F5EB3FB7-D1A7-4BBA-AB09-88D7D0EBA428}.Release|x86.Build.0 = Release|Win32
		{E6C4EB0C-9981-448C-98C0-2FC0CB8575D1}.Debug|x64.ActiveCfg = Debug|x64
		{E6C4EB0C-9981-448C-98C0-2FC0CB8575D1}.Debug|x64.Build.0 = Debug|x64
		{E6C4EB0C-9981-448C-98C0-2FC0CB8575D1}.Debug|x86.ActiveCfg = Debug|Win32
		{E6C4EB0C-9981-448C-98C0-2FC0CB8575D1}.Debug|x86.Build.0 = Debug|Win32
		{E6C4EB0C-9981-448C-98C0-2FC0CB8575D1}.Release|x64.ActiveCfg = Release|x64
		{E6C4EB0C-9981-448C-98C0-2FC0CB8575D1}.Release|x64.Build.0 = Release|x64
		{E6C4EB0C-9981-448C-98C0-2FC0CB8575D1}.Release|x86.ActiveCfg = Release|Win32
		{E6C4EB0C-9981-448C-98C0-2FC0CB8575D1}.Release|x86.Build.0 = Release|Win32
	EndGlobalSection
	GlobalSection(SolutionProperties) = preSolution
		HideSolutionNode = FALSE
	EndGlobalSection
	GlobalSection(ExtensibilityGlobals) = postSolution
		SolutionGuid = {E5A60B1F-2720-4E05-8C11-713400FE4D4C}
	EndGlobalSection
EndGlobal
