
Microsoft Visual Studio Solution File, Format Version 12.00
# Visual Studio Version 16
VisualStudioVersion = 16.0.31129.286
MinimumVisualStudioVersion = 10.0.40219.1
Project("{8BC9CEB8-8B4A-11D0-8D11-00A0C91BC942}") = "HelloWorld", "HelloWorld\HelloWorld.vcxproj", "{F5EB3FB7-D1A7-4BBA-AB09-88D7D0EBA428}"
EndProject
Project("{8BC9CEB8-8B4A-11D0-8D11-00A0C91BC942}") = "DataTypes", "DataTypes\DataTypes.vcxproj", "{E6C4EB0C-9981-448C-98C0-2FC0CB8575D1}"
EndProject
Project("{8BC9CEB8-8B4A-11D0-8D11-00A0C91BC942}") = "UserDataTypesClassExample", "UserDataTypes\UserDataTypes.vcxproj", "{FEFE8460-DCF0-4C0B-9600-4D8D13EF95AB}"
EndProject
Project("{8BC9CEB8-8B4A-11D0-8D11-00A0C91BC942}") = "UserDataTypesAssignment", "UserDataTypesAssignment\UserDataTypesAssignment.vcxproj", "{DBB35C92-D9AE-474F-8C9C-0567CB624436}"
EndProject
Project("{8BC9CEB8-8B4A-11D0-8D11-00A0C91BC942}") = "MemoryReviewAssignment", "MemoryReviewAssignment\MemoryReviewAssignment.vcxproj", "{AC08C56C-B508-4DC3-8523-CC6619C38887}"
EndProject
Project("{8BC9CEB8-8B4A-11D0-8D11-00A0C91BC942}") = "Database", "Database\Database.vcxproj", "{FB90F3B2-72CD-4AB7-8D3F-665EB3D1973E}"
EndProject
Project("{8BC9CEB8-8B4A-11D0-8D11-00A0C91BC942}") = "Stream", "Stream\Stream.vcxproj", "{75A45E83-F5F0-4091-A61D-FCE467A5C193}"
EndProject
Project("{8BC9CEB8-8B4A-11D0-8D11-00A0C91BC942}") = "Parameters", "Parameters\Parameters.vcxproj", "{6E46587B-ECC6-4281-8301-7182BAB00E6C}"
EndProject
Project("{8BC9CEB8-8B4A-11D0-8D11-00A0C91BC942}") = "Array", "Array\Array.vcxproj", "{A0AA8628-AE8A-4CA9-B754-5F2571DB9929}"
EndProject
Project("{8BC9CEB8-8B4A-11D0-8D11-00A0C91BC942}") = "Templates", "Templates\Templates.vcxproj", "{FB6A25DC-D3CE-4C41-AAC7-CDCCB8A70A45}"
EndProject
Project("{8BC9CEB8-8B4A-11D0-8D11-00A0C91BC942}") = "Vector", "Vector\Vector.vcxproj", "{6B3E48C3-BB32-4E17-8529-873AF62F7B4F}"
EndProject
Project("{8BC9CEB8-8B4A-11D0-8D11-00A0C91BC942}") = "ListProject", "ListProject\ListProject.vcxproj", "{34EAFA38-7D27-48B2-961F-16DEA6EB5980}"
EndProject
Project("{8BC9CEB8-8B4A-11D0-8D11-00A0C91BC942}") = "Containers", "Containers\Containers.vcxproj", "{25FDB735-AB53-4178-982B-CC716C5D2D83}"
EndProject
Project("{8BC9CEB8-8B4A-11D0-8D11-00A0C91BC942}") = "Iterators", "Iterators\Iterators.vcxproj", "{AE4051F6-473C-4C94-85A4-586BDB4AAF87}"
EndProject
Project("{8BC9CEB8-8B4A-11D0-8D11-00A0C91BC942}") = "Pointers", "Pointers\Pointers.vcxproj", "{9D10EB65-18D1-497E-A525-8EB25CE270EC}"
EndProject
Global
	GlobalSection(SolutionConfigurationPlatforms) = preSolution
		Debug|x64 = Debug|x64
		Debug|x86 = Debug|x86
		Release|x64 = Release|x64
		Release|x86 = Release|x86
	EndGlobalSection
	GlobalSection(ProjectConfigurationPlatforms) = postSolution
		{F5EB3FB7-D1A7-4BBA-AB09-88D7D0EBA428}.Debug|x64.ActiveCfg = Debug|x64
		{F5EB3FB7-D1A7-4BBA-AB09-88D7D0EBA428}.Debug|x64.Build.0 = Debug|x64
		{F5EB3FB7-D1A7-4BBA-AB09-88D7D0EBA428}.Debug|x86.ActiveCfg = Debug|Win32
		{F5EB3FB7-D1A7-4BBA-AB09-88D7D0EBA428}.Debug|x86.Build.0 = Debug|Win32
		{F5EB3FB7-D1A7-4BBA-AB09-88D7D0EBA428}.Release|x64.ActiveCfg = Release|x64
		{F5EB3FB7-D1A7-4BBA-AB09-88D7D0EBA428}.Release|x64.Build.0 = Release|x64
		{F5EB3FB7-D1A7-4BBA-AB09-88D7D0EBA428}.Release|x86.ActiveCfg = Release|Win32
		{F5EB3FB7-D1A7-4BBA-AB09-88D7D0EBA428}.Release|x86.Build.0 = Release|Win32
		{E6C4EB0C-9981-448C-98C0-2FC0CB8575D1}.Debug|x64.ActiveCfg = Debug|x64
		{E6C4EB0C-9981-448C-98C0-2FC0CB8575D1}.Debug|x64.Build.0 = Debug|x64
		{E6C4EB0C-9981-448C-98C0-2FC0CB8575D1}.Debug|x86.ActiveCfg = Debug|Win32
		{E6C4EB0C-9981-448C-98C0-2FC0CB8575D1}.Debug|x86.Build.0 = Debug|Win32
		{E6C4EB0C-9981-448C-98C0-2FC0CB8575D1}.Release|x64.ActiveCfg = Release|x64
		{E6C4EB0C-9981-448C-98C0-2FC0CB8575D1}.Release|x64.Build.0 = Release|x64
		{E6C4EB0C-9981-448C-98C0-2FC0CB8575D1}.Release|x86.ActiveCfg = Release|Win32
		{E6C4EB0C-9981-448C-98C0-2FC0CB8575D1}.Release|x86.Build.0 = Release|Win32
		{FEFE8460-DCF0-4C0B-9600-4D8D13EF95AB}.Debug|x64.ActiveCfg = Debug|x64
		{FEFE8460-DCF0-4C0B-9600-4D8D13EF95AB}.Debug|x64.Build.0 = Debug|x64
		{FEFE8460-DCF0-4C0B-9600-4D8D13EF95AB}.Debug|x86.ActiveCfg = Debug|Win32
		{FEFE8460-DCF0-4C0B-9600-4D8D13EF95AB}.Debug|x86.Build.0 = Debug|Win32
		{FEFE8460-DCF0-4C0B-9600-4D8D13EF95AB}.Release|x64.ActiveCfg = Release|x64
		{FEFE8460-DCF0-4C0B-9600-4D8D13EF95AB}.Release|x64.Build.0 = Release|x64
		{FEFE8460-DCF0-4C0B-9600-4D8D13EF95AB}.Release|x86.ActiveCfg = Release|Win32
		{FEFE8460-DCF0-4C0B-9600-4D8D13EF95AB}.Release|x86.Build.0 = Release|Win32
		{DBB35C92-D9AE-474F-8C9C-0567CB624436}.Debug|x64.ActiveCfg = Debug|x64
		{DBB35C92-D9AE-474F-8C9C-0567CB624436}.Debug|x64.Build.0 = Debug|x64
		{DBB35C92-D9AE-474F-8C9C-0567CB624436}.Debug|x86.ActiveCfg = Debug|Win32
		{DBB35C92-D9AE-474F-8C9C-0567CB624436}.Debug|x86.Build.0 = Debug|Win32
		{DBB35C92-D9AE-474F-8C9C-0567CB624436}.Release|x64.ActiveCfg = Release|x64
		{DBB35C92-D9AE-474F-8C9C-0567CB624436}.Release|x64.Build.0 = Release|x64
		{DBB35C92-D9AE-474F-8C9C-0567CB624436}.Release|x86.ActiveCfg = Release|Win32
		{DBB35C92-D9AE-474F-8C9C-0567CB624436}.Release|x86.Build.0 = Release|Win32
		{AC08C56C-B508-4DC3-8523-CC6619C38887}.Debug|x64.ActiveCfg = Debug|x64
		{AC08C56C-B508-4DC3-8523-CC6619C38887}.Debug|x64.Build.0 = Debug|x64
		{AC08C56C-B508-4DC3-8523-CC6619C38887}.Debug|x86.ActiveCfg = Debug|Win32
		{AC08C56C-B508-4DC3-8523-CC6619C38887}.Debug|x86.Build.0 = Debug|Win32
		{AC08C56C-B508-4DC3-8523-CC6619C38887}.Release|x64.ActiveCfg = Release|x64
		{AC08C56C-B508-4DC3-8523-CC6619C38887}.Release|x64.Build.0 = Release|x64
		{AC08C56C-B508-4DC3-8523-CC6619C38887}.Release|x86.ActiveCfg = Release|Win32
		{AC08C56C-B508-4DC3-8523-CC6619C38887}.Release|x86.Build.0 = Release|Win32
		{FB90F3B2-72CD-4AB7-8D3F-665EB3D1973E}.Debug|x64.ActiveCfg = Debug|x64
		{FB90F3B2-72CD-4AB7-8D3F-665EB3D1973E}.Debug|x64.Build.0 = Debug|x64
		{FB90F3B2-72CD-4AB7-8D3F-665EB3D1973E}.Debug|x86.ActiveCfg = Debug|Win32
		{FB90F3B2-72CD-4AB7-8D3F-665EB3D1973E}.Debug|x86.Build.0 = Debug|Win32
		{FB90F3B2-72CD-4AB7-8D3F-665EB3D1973E}.Release|x64.ActiveCfg = Release|x64
		{FB90F3B2-72CD-4AB7-8D3F-665EB3D1973E}.Release|x64.Build.0 = Release|x64
		{FB90F3B2-72CD-4AB7-8D3F-665EB3D1973E}.Release|x86.ActiveCfg = Release|Win32
		{FB90F3B2-72CD-4AB7-8D3F-665EB3D1973E}.Release|x86.Build.0 = Release|Win32
		{75A45E83-F5F0-4091-A61D-FCE467A5C193}.Debug|x64.ActiveCfg = Debug|x64
		{75A45E83-F5F0-4091-A61D-FCE467A5C193}.Debug|x64.Build.0 = Debug|x64
		{75A45E83-F5F0-4091-A61D-FCE467A5C193}.Debug|x86.ActiveCfg = Debug|Win32
		{75A45E83-F5F0-4091-A61D-FCE467A5C193}.Debug|x86.Build.0 = Debug|Win32
		{75A45E83-F5F0-4091-A61D-FCE467A5C193}.Release|x64.ActiveCfg = Release|x64
		{75A45E83-F5F0-4091-A61D-FCE467A5C193}.Release|x64.Build.0 = Release|x64
		{75A45E83-F5F0-4091-A61D-FCE467A5C193}.Release|x86.ActiveCfg = Release|Win32
		{75A45E83-F5F0-4091-A61D-FCE467A5C193}.Release|x86.Build.0 = Release|Win32
		{6E46587B-ECC6-4281-8301-7182BAB00E6C}.Debug|x64.ActiveCfg = Debug|x64
		{6E46587B-ECC6-4281-8301-7182BAB00E6C}.Debug|x64.Build.0 = Debug|x64
		{6E46587B-ECC6-4281-8301-7182BAB00E6C}.Debug|x86.ActiveCfg = Debug|Win32
		{6E46587B-ECC6-4281-8301-7182BAB00E6C}.Debug|x86.Build.0 = Debug|Win32
		{6E46587B-ECC6-4281-8301-7182BAB00E6C}.Release|x64.ActiveCfg = Release|x64
		{6E46587B-ECC6-4281-8301-7182BAB00E6C}.Release|x64.Build.0 = Release|x64
		{6E46587B-ECC6-4281-8301-7182BAB00E6C}.Release|x86.ActiveCfg = Release|Win32
		{6E46587B-ECC6-4281-8301-7182BAB00E6C}.Release|x86.Build.0 = Release|Win32
		{A0AA8628-AE8A-4CA9-B754-5F2571DB9929}.Debug|x64.ActiveCfg = Debug|x64
		{A0AA8628-AE8A-4CA9-B754-5F2571DB9929}.Debug|x64.Build.0 = Debug|x64
		{A0AA8628-AE8A-4CA9-B754-5F2571DB9929}.Debug|x86.ActiveCfg = Debug|Win32
		{A0AA8628-AE8A-4CA9-B754-5F2571DB9929}.Debug|x86.Build.0 = Debug|Win32
		{A0AA8628-AE8A-4CA9-B754-5F2571DB9929}.Release|x64.ActiveCfg = Release|x64
		{A0AA8628-AE8A-4CA9-B754-5F2571DB9929}.Release|x64.Build.0 = Release|x64
		{A0AA8628-AE8A-4CA9-B754-5F2571DB9929}.Release|x86.ActiveCfg = Release|Win32
		{A0AA8628-AE8A-4CA9-B754-5F2571DB9929}.Release|x86.Build.0 = Release|Win32
		{FB6A25DC-D3CE-4C41-AAC7-CDCCB8A70A45}.Debug|x64.ActiveCfg = Debug|x64
		{FB6A25DC-D3CE-4C41-AAC7-CDCCB8A70A45}.Debug|x64.Build.0 = Debug|x64
		{FB6A25DC-D3CE-4C41-AAC7-CDCCB8A70A45}.Debug|x86.ActiveCfg = Debug|Win32
		{FB6A25DC-D3CE-4C41-AAC7-CDCCB8A70A45}.Debug|x86.Build.0 = Debug|Win32
		{FB6A25DC-D3CE-4C41-AAC7-CDCCB8A70A45}.Release|x64.ActiveCfg = Release|x64
		{FB6A25DC-D3CE-4C41-AAC7-CDCCB8A70A45}.Release|x64.Build.0 = Release|x64
		{FB6A25DC-D3CE-4C41-AAC7-CDCCB8A70A45}.Release|x86.ActiveCfg = Release|Win32
		{FB6A25DC-D3CE-4C41-AAC7-CDCCB8A70A45}.Release|x86.Build.0 = Release|Win32
		{6B3E48C3-BB32-4E17-8529-873AF62F7B4F}.Debug|x64.ActiveCfg = Debug|x64
		{6B3E48C3-BB32-4E17-8529-873AF62F7B4F}.Debug|x64.Build.0 = Debug|x64
		{6B3E48C3-BB32-4E17-8529-873AF62F7B4F}.Debug|x86.ActiveCfg = Debug|Win32
		{6B3E48C3-BB32-4E17-8529-873AF62F7B4F}.Debug|x86.Build.0 = Debug|Win32
		{6B3E48C3-BB32-4E17-8529-873AF62F7B4F}.Release|x64.ActiveCfg = Release|x64
		{6B3E48C3-BB32-4E17-8529-873AF62F7B4F}.Release|x64.Build.0 = Release|x64
		{6B3E48C3-BB32-4E17-8529-873AF62F7B4F}.Release|x86.ActiveCfg = Release|Win32
		{6B3E48C3-BB32-4E17-8529-873AF62F7B4F}.Release|x86.Build.0 = Release|Win32
		{34EAFA38-7D27-48B2-961F-16DEA6EB5980}.Debug|x64.ActiveCfg = Debug|x64
		{34EAFA38-7D27-48B2-961F-16DEA6EB5980}.Debug|x64.Build.0 = Debug|x64
		{34EAFA38-7D27-48B2-961F-16DEA6EB5980}.Debug|x86.ActiveCfg = Debug|Win32
		{34EAFA38-7D27-48B2-961F-16DEA6EB5980}.Debug|x86.Build.0 = Debug|Win32
		{34EAFA38-7D27-48B2-961F-16DEA6EB5980}.Release|x64.ActiveCfg = Release|x64
		{34EAFA38-7D27-48B2-961F-16DEA6EB5980}.Release|x64.Build.0 = Release|x64
		{34EAFA38-7D27-48B2-961F-16DEA6EB5980}.Release|x86.ActiveCfg = Release|Win32
		{34EAFA38-7D27-48B2-961F-16DEA6EB5980}.Release|x86.Build.0 = Release|Win32
		{25FDB735-AB53-4178-982B-CC716C5D2D83}.Debug|x64.ActiveCfg = Debug|x64
		{25FDB735-AB53-4178-982B-CC716C5D2D83}.Debug|x64.Build.0 = Debug|x64
		{25FDB735-AB53-4178-982B-CC716C5D2D83}.Debug|x86.ActiveCfg = Debug|Win32
		{25FDB735-AB53-4178-982B-CC716C5D2D83}.Debug|x86.Build.0 = Debug|Win32
		{25FDB735-AB53-4178-982B-CC716C5D2D83}.Release|x64.ActiveCfg = Release|x64
		{25FDB735-AB53-4178-982B-CC716C5D2D83}.Release|x64.Build.0 = Release|x64
		{25FDB735-AB53-4178-982B-CC716C5D2D83}.Release|x86.ActiveCfg = Release|Win32
		{25FDB735-AB53-4178-982B-CC716C5D2D83}.Release|x86.Build.0 = Release|Win32
		{AE4051F6-473C-4C94-85A4-586BDB4AAF87}.Debug|x64.ActiveCfg = Debug|x64
		{AE4051F6-473C-4C94-85A4-586BDB4AAF87}.Debug|x64.Build.0 = Debug|x64
		{AE4051F6-473C-4C94-85A4-586BDB4AAF87}.Debug|x86.ActiveCfg = Debug|Win32
		{AE4051F6-473C-4C94-85A4-586BDB4AAF87}.Debug|x86.Build.0 = Debug|Win32
		{AE4051F6-473C-4C94-85A4-586BDB4AAF87}.Release|x64.ActiveCfg = Release|x64
		{AE4051F6-473C-4C94-85A4-586BDB4AAF87}.Release|x64.Build.0 = Release|x64
		{AE4051F6-473C-4C94-85A4-586BDB4AAF87}.Release|x86.ActiveCfg = Release|Win32
		{AE4051F6-473C-4C94-85A4-586BDB4AAF87}.Release|x86.Build.0 = Release|Win32
		{9D10EB65-18D1-497E-A525-8EB25CE270EC}.Debug|x64.ActiveCfg = Debug|x64
		{9D10EB65-18D1-497E-A525-8EB25CE270EC}.Debug|x64.Build.0 = Debug|x64
		{9D10EB65-18D1-497E-A525-8EB25CE270EC}.Debug|x86.ActiveCfg = Debug|Win32
		{9D10EB65-18D1-497E-A525-8EB25CE270EC}.Debug|x86.Build.0 = Debug|Win32
		{9D10EB65-18D1-497E-A525-8EB25CE270EC}.Release|x64.ActiveCfg = Release|x64
		{9D10EB65-18D1-497E-A525-8EB25CE270EC}.Release|x64.Build.0 = Release|x64
		{9D10EB65-18D1-497E-A525-8EB25CE270EC}.Release|x86.ActiveCfg = Release|Win32
		{9D10EB65-18D1-497E-A525-8EB25CE270EC}.Release|x86.Build.0 = Release|Win32
	EndGlobalSection
	GlobalSection(SolutionProperties) = preSolution
		HideSolutionNode = FALSE
	EndGlobalSection
	GlobalSection(ExtensibilityGlobals) = postSolution
		SolutionGuid = {E5A60B1F-2720-4E05-8C11-713400FE4D4C}
	EndGlobalSection
EndGlobal
